
Microsoft Visual Studio Solution File, Format Version 12.00
# Visual Studio Version 17
VisualStudioVersion = 17.5.002.0
MinimumVisualStudioVersion = 10.0.40219.1
Project("{9A19103F-16F7-4668-BE54-9A1E7A4F7556}") = "ConsoleApp1", "ConsoleApp1.csproj", "{BCBFBA7C-A4B7-4F7A-9DD3-72CEFADFFC85}"
EndProject
Global
	GlobalSection(SolutionConfigurationPlatforms) = preSolution
		Debug|Any CPU = Debug|Any CPU
		Release|Any CPU = Release|Any CPU
	EndGlobalSection
	GlobalSection(ProjectConfigurationPlatforms) = postSolution
		{BCBFBA7C-A4B7-4F7A-9DD3-72CEFADFFC85}.Debug|Any CPU.ActiveCfg = Debug|Any CPU
		{BCBFBA7C-A4B7-4F7A-9DD3-72CEFADFFC85}.Debug|Any CPU.Build.0 = Debug|Any CPU
		{BCBFBA7C-A4B7-4F7A-9DD3-72CEFADFFC85}.Release|Any CPU.ActiveCfg = Release|Any CPU
		{BCBFBA7C-A4B7-4F7A-9DD3-72CEFADFFC85}.Release|Any CPU.Build.0 = Release|Any CPU
	EndGlobalSection
	GlobalSection(SolutionProperties) = preSolution
		HideSolutionNode = FALSE
	EndGlobalSection
	GlobalSection(ExtensibilityGlobals) = postSolution
		SolutionGuid = {8CE0F238-2DD6-459F-9BE7-6EE747C3AB88}
	EndGlobalSection
EndGlobal
